// !$*UTF8*$!
{
	archiveVersion = 1;
	classes = {
	};
	objectVersion = 56;
	objects = {

/* Begin PBXBuildFile section */
		CE0332DB2944D7230022C8E7 /* Random.swift in Sources */ = {isa = PBXBuildFile; fileRef = CE0332DA2944D7230022C8E7 /* Random.swift */; };
		CE0332DE2944DC910022C8E7 /* ShowQuestionStrategy.swift in Sources */ = {isa = PBXBuildFile; fileRef = CE0332DD2944DC910022C8E7 /* ShowQuestionStrategy.swift */; };
		CE0332E02944E1100022C8E7 /* RandomQuestions.swift in Sources */ = {isa = PBXBuildFile; fileRef = CE0332DF2944E1100022C8E7 /* RandomQuestions.swift */; };
		CE0332E22944E29D0022C8E7 /* DefaultQuestions.swift in Sources */ = {isa = PBXBuildFile; fileRef = CE0332E12944E29D0022C8E7 /* DefaultQuestions.swift */; };
		CE042AB2293A332B00D13551 /* ResultCaretaker.swift in Sources */ = {isa = PBXBuildFile; fileRef = CE042AB1293A332B00D13551 /* ResultCaretaker.swift */; };
		CE042AB4293A7AF500D13551 /* Answer.swift in Sources */ = {isa = PBXBuildFile; fileRef = CE042AB3293A7AF500D13551 /* Answer.swift */; };
		CE042AB6293A7B5B00D13551 /* Questions.swift in Sources */ = {isa = PBXBuildFile; fileRef = CE042AB5293A7B5B00D13551 /* Questions.swift */; };
		CE47C6DF2933E5C1004DDCDD /* AppDelegate.swift in Sources */ = {isa = PBXBuildFile; fileRef = CE47C6DE2933E5C1004DDCDD /* AppDelegate.swift */; };
		CE47C6E12933E5C1004DDCDD /* SceneDelegate.swift in Sources */ = {isa = PBXBuildFile; fileRef = CE47C6E02933E5C1004DDCDD /* SceneDelegate.swift */; };
		CE47C6E82933E5C3004DDCDD /* Assets.xcassets in Resources */ = {isa = PBXBuildFile; fileRef = CE47C6E72933E5C3004DDCDD /* Assets.xcassets */; };
		CE47C6EB2933E5C3004DDCDD /* LaunchScreen.storyboard in Resources */ = {isa = PBXBuildFile; fileRef = CE47C6E92933E5C3004DDCDD /* LaunchScreen.storyboard */; };
		CE47C6F42933F944004DDCDD /* Question.swift in Sources */ = {isa = PBXBuildFile; fileRef = CE47C6F32933F944004DDCDD /* Question.swift */; };
		CE47C6F72934033D004DDCDD /* StartMenuVC.swift in Sources */ = {isa = PBXBuildFile; fileRef = CE47C6F62934033D004DDCDD /* StartMenuVC.swift */; };
		CE47C6F929340357004DDCDD /* GameVC.swift in Sources */ = {isa = PBXBuildFile; fileRef = CE47C6F829340357004DDCDD /* GameVC.swift */; };
		CE58E6AA29352E6900D59B79 /* ResultVC.swift in Sources */ = {isa = PBXBuildFile; fileRef = CE58E6A929352E6900D59B79 /* ResultVC.swift */; };
		CE58E6AC2937C0A800D59B79 /* Game.swift in Sources */ = {isa = PBXBuildFile; fileRef = CE58E6AB2937C0A800D59B79 /* Game.swift */; };
		CE58E6AE2937C30500D59B79 /* GameSession.swift in Sources */ = {isa = PBXBuildFile; fileRef = CE58E6AD2937C30500D59B79 /* GameSession.swift */; };
		CE8D2FF12938DC08007AD5A6 /* Result.swift in Sources */ = {isa = PBXBuildFile; fileRef = CE8D2FF02938DC08007AD5A6 /* Result.swift */; };
		CE8D2FF329390A9B007AD5A6 /* AppColors.swift in Sources */ = {isa = PBXBuildFile; fileRef = CE8D2FF229390A9B007AD5A6 /* AppColors.swift */; };
		CEB58FF9293B50B20090CF52 /* SettingsVC.swift in Sources */ = {isa = PBXBuildFile; fileRef = CEB58FF8293B50B20090CF52 /* SettingsVC.swift */; };
		CEB59005293E090C0090CF52 /* ObservableOptions.swift in Sources */ = {isa = PBXBuildFile; fileRef = CEB59004293E090C0090CF52 /* ObservableOptions.swift */; };
		CEB59007293E09680090CF52 /* Observable.swift in Sources */ = {isa = PBXBuildFile; fileRef = CEB59006293E09680090CF52 /* Observable.swift */; };
		CEB5900A293E5F590090CF52 /* AddQuestionVC.swift in Sources */ = {isa = PBXBuildFile; fileRef = CEB59009293E5F590090CF52 /* AddQuestionVC.swift */; };
		CEB5900D293E66230090CF52 /* QuestionCaretaker.swift in Sources */ = {isa = PBXBuildFile; fileRef = CEB5900C293E66230090CF52 /* QuestionCaretaker.swift */; };
/* End PBXBuildFile section */

/* Begin PBXFileReference section */
		CE0332DA2944D7230022C8E7 /* Random.swift */ = {isa = PBXFileReference; lastKnownFileType = sourcecode.swift; path = Random.swift; sourceTree = "<group>"; };
		CE0332DD2944DC910022C8E7 /* ShowQuestionStrategy.swift */ = {isa = PBXFileReference; lastKnownFileType = sourcecode.swift; path = ShowQuestionStrategy.swift; sourceTree = "<group>"; };
		CE0332DF2944E1100022C8E7 /* RandomQuestions.swift */ = {isa = PBXFileReference; lastKnownFileType = sourcecode.swift; path = RandomQuestions.swift; sourceTree = "<group>"; };
		CE0332E12944E29D0022C8E7 /* DefaultQuestions.swift */ = {isa = PBXFileReference; lastKnownFileType = sourcecode.swift; path = DefaultQuestions.swift; sourceTree = "<group>"; };
		CE042AB1293A332B00D13551 /* ResultCaretaker.swift */ = {isa = PBXFileReference; lastKnownFileType = sourcecode.swift; path = ResultCaretaker.swift; sourceTree = "<group>"; };
		CE042AB3293A7AF500D13551 /* Answer.swift */ = {isa = PBXFileReference; lastKnownFileType = sourcecode.swift; path = Answer.swift; sourceTree = "<group>"; };
		CE042AB5293A7B5B00D13551 /* Questions.swift */ = {isa = PBXFileReference; lastKnownFileType = sourcecode.swift; path = Questions.swift; sourceTree = "<group>"; };
		CE47C6DB2933E5C1004DDCDD /* MillionaireGame.app */ = {isa = PBXFileReference; explicitFileType = wrapper.application; includeInIndex = 0; path = MillionaireGame.app; sourceTree = BUILT_PRODUCTS_DIR; };
		CE47C6DE2933E5C1004DDCDD /* AppDelegate.swift */ = {isa = PBXFileReference; lastKnownFileType = sourcecode.swift; path = AppDelegate.swift; sourceTree = "<group>"; };
		CE47C6E02933E5C1004DDCDD /* SceneDelegate.swift */ = {isa = PBXFileReference; lastKnownFileType = sourcecode.swift; path = SceneDelegate.swift; sourceTree = "<group>"; };
		CE47C6E72933E5C3004DDCDD /* Assets.xcassets */ = {isa = PBXFileReference; lastKnownFileType = folder.assetcatalog; path = Assets.xcassets; sourceTree = "<group>"; };
		CE47C6EA2933E5C3004DDCDD /* Base */ = {isa = PBXFileReference; lastKnownFileType = file.storyboard; name = Base; path = Base.lproj/LaunchScreen.storyboard; sourceTree = "<group>"; };
		CE47C6EC2933E5C3004DDCDD /* Info.plist */ = {isa = PBXFileReference; lastKnownFileType = text.plist.xml; path = Info.plist; sourceTree = "<group>"; };
		CE47C6F32933F944004DDCDD /* Question.swift */ = {isa = PBXFileReference; lastKnownFileType = sourcecode.swift; path = Question.swift; sourceTree = "<group>"; };
		CE47C6F62934033D004DDCDD /* StartMenuVC.swift */ = {isa = PBXFileReference; lastKnownFileType = sourcecode.swift; path = StartMenuVC.swift; sourceTree = "<group>"; };
		CE47C6F829340357004DDCDD /* GameVC.swift */ = {isa = PBXFileReference; lastKnownFileType = sourcecode.swift; path = GameVC.swift; sourceTree = "<group>"; };
		CE58E6A929352E6900D59B79 /* ResultVC.swift */ = {isa = PBXFileReference; lastKnownFileType = sourcecode.swift; path = ResultVC.swift; sourceTree = "<group>"; };
		CE58E6AB2937C0A800D59B79 /* Game.swift */ = {isa = PBXFileReference; lastKnownFileType = sourcecode.swift; path = Game.swift; sourceTree = "<group>"; };
		CE58E6AD2937C30500D59B79 /* GameSession.swift */ = {isa = PBXFileReference; lastKnownFileType = sourcecode.swift; path = GameSession.swift; sourceTree = "<group>"; };
		CE8D2FF02938DC08007AD5A6 /* Result.swift */ = {isa = PBXFileReference; lastKnownFileType = sourcecode.swift; path = Result.swift; sourceTree = "<group>"; };
		CE8D2FF229390A9B007AD5A6 /* AppColors.swift */ = {isa = PBXFileReference; lastKnownFileType = sourcecode.swift; path = AppColors.swift; sourceTree = "<group>"; };
		CEB58FF8293B50B20090CF52 /* SettingsVC.swift */ = {isa = PBXFileReference; lastKnownFileType = sourcecode.swift; path = SettingsVC.swift; sourceTree = "<group>"; };
		CEB59004293E090C0090CF52 /* ObservableOptions.swift */ = {isa = PBXFileReference; lastKnownFileType = sourcecode.swift; path = ObservableOptions.swift; sourceTree = "<group>"; };
		CEB59006293E09680090CF52 /* Observable.swift */ = {isa = PBXFileReference; lastKnownFileType = sourcecode.swift; path = Observable.swift; sourceTree = "<group>"; };
		CEB59009293E5F590090CF52 /* AddQuestionVC.swift */ = {isa = PBXFileReference; lastKnownFileType = sourcecode.swift; path = AddQuestionVC.swift; sourceTree = "<group>"; };
		CEB5900C293E66230090CF52 /* QuestionCaretaker.swift */ = {isa = PBXFileReference; lastKnownFileType = sourcecode.swift; path = QuestionCaretaker.swift; sourceTree = "<group>"; };
/* End PBXFileReference section */

/* Begin PBXFrameworksBuildPhase section */
		CE47C6D82933E5C1004DDCDD /* Frameworks */ = {
			isa = PBXFrameworksBuildPhase;
			buildActionMask = 2147483647;
			files = (
			);
			runOnlyForDeploymentPostprocessing = 0;
		};
/* End PBXFrameworksBuildPhase section */

/* Begin PBXGroup section */
		CE0332DC2944DC2C0022C8E7 /* Strategy */ = {
			isa = PBXGroup;
			children = (
				CE0332DA2944D7230022C8E7 /* Random.swift */,
				CE0332DD2944DC910022C8E7 /* ShowQuestionStrategy.swift */,
				CE0332DF2944E1100022C8E7 /* RandomQuestions.swift */,
				CE0332E12944E29D0022C8E7 /* DefaultQuestions.swift */,
			);
			path = Strategy;
			sourceTree = "<group>";
		};
		CE47C6D22933E5C0004DDCDD = {
			isa = PBXGroup;
			children = (
				CE47C6DD2933E5C1004DDCDD /* MillionaireGame */,
				CE47C6DC2933E5C1004DDCDD /* Products */,
			);
			sourceTree = "<group>";
		};
		CE47C6DC2933E5C1004DDCDD /* Products */ = {
			isa = PBXGroup;
			children = (
				CE47C6DB2933E5C1004DDCDD /* MillionaireGame.app */,
			);
			name = Products;
			sourceTree = "<group>";
		};
		CE47C6DD2933E5C1004DDCDD /* MillionaireGame */ = {
			isa = PBXGroup;
			children = (
				CEB58FF5293B45BE0090CF52 /* Fundamental */,
				CEB58FF7293B473F0090CF52 /* Utils */,
				CE47C6F22933F915004DDCDD /* Model */,
				CE47C6F5293402A5004DDCDD /* Controllers */,
				CE47C6E72933E5C3004DDCDD /* Assets.xcassets */,
				CE47C6E92933E5C3004DDCDD /* LaunchScreen.storyboard */,
				CE47C6EC2933E5C3004DDCDD /* Info.plist */,
			);
			path = MillionaireGame;
			sourceTree = "<group>";
		};
		CE47C6F22933F915004DDCDD /* Model */ = {
			isa = PBXGroup;
			children = (
				CE47C6F32933F944004DDCDD /* Question.swift */,
				CE042AB3293A7AF500D13551 /* Answer.swift */,
				CE8D2FF02938DC08007AD5A6 /* Result.swift */,
				CE58E6AB2937C0A800D59B79 /* Game.swift */,
				CE58E6AD2937C30500D59B79 /* GameSession.swift */,
				CE042AB5293A7B5B00D13551 /* Questions.swift */,
				CE8D2FF229390A9B007AD5A6 /* AppColors.swift */,
			);
			path = Model;
			sourceTree = "<group>";
		};
		CE47C6F5293402A5004DDCDD /* Controllers */ = {
			isa = PBXGroup;
			children = (
				CE47C6F62934033D004DDCDD /* StartMenuVC.swift */,
				CE47C6F829340357004DDCDD /* GameVC.swift */,
				CE58E6A929352E6900D59B79 /* ResultVC.swift */,
				CEB58FF8293B50B20090CF52 /* SettingsVC.swift */,
				CEB59009293E5F590090CF52 /* AddQuestionVC.swift */,
			);
			path = Controllers;
			sourceTree = "<group>";
		};
		CEB58FF5293B45BE0090CF52 /* Fundamental */ = {
			isa = PBXGroup;
			children = (
				CE47C6DE2933E5C1004DDCDD /* AppDelegate.swift */,
				CE47C6E02933E5C1004DDCDD /* SceneDelegate.swift */,
			);
			path = Fundamental;
			sourceTree = "<group>";
		};
		CEB58FF7293B473F0090CF52 /* Utils */ = {
			isa = PBXGroup;
			children = (
				CE0332DC2944DC2C0022C8E7 /* Strategy */,
				CEB5900B293E65D10090CF52 /* Caretakers */,
				CEB59008293E15600090CF52 /* Observer */,
			);
			path = Utils;
			sourceTree = "<group>";
		};
		CEB59008293E15600090CF52 /* Observer */ = {
			isa = PBXGroup;
			children = (
				CEB59006293E09680090CF52 /* Observable.swift */,
				CEB59004293E090C0090CF52 /* ObservableOptions.swift */,
			);
			path = Observer;
			sourceTree = "<group>";
		};
		CEB5900B293E65D10090CF52 /* Caretakers */ = {
			isa = PBXGroup;
			children = (
				CEB5900C293E66230090CF52 /* QuestionCaretaker.swift */,
				CE042AB1293A332B00D13551 /* ResultCaretaker.swift */,
			);
			path = Caretakers;
			sourceTree = "<group>";
		};
/* End PBXGroup section */

/* Begin PBXNativeTarget section */
		CE47C6DA2933E5C1004DDCDD /* MillionaireGame */ = {
			isa = PBXNativeTarget;
			buildConfigurationList = CE47C6EF2933E5C3004DDCDD /* Build configuration list for PBXNativeTarget "MillionaireGame" */;
			buildPhases = (
				CE47C6D72933E5C1004DDCDD /* Sources */,
				CE47C6D82933E5C1004DDCDD /* Frameworks */,
				CE47C6D92933E5C1004DDCDD /* Resources */,
			);
			buildRules = (
			);
			dependencies = (
			);
			name = MillionaireGame;
			productName = MillionaireGame;
			productReference = CE47C6DB2933E5C1004DDCDD /* MillionaireGame.app */;
			productType = "com.apple.product-type.application";
		};
/* End PBXNativeTarget section */

/* Begin PBXProject section */
		CE47C6D32933E5C0004DDCDD /* Project object */ = {
			isa = PBXProject;
			attributes = {
				BuildIndependentTargetsInParallel = 1;
				LastSwiftUpdateCheck = 1400;
				LastUpgradeCheck = 1400;
				TargetAttributes = {
					CE47C6DA2933E5C1004DDCDD = {
						CreatedOnToolsVersion = 14.0.1;
					};
				};
			};
			buildConfigurationList = CE47C6D62933E5C0004DDCDD /* Build configuration list for PBXProject "MillionaireGame" */;
			compatibilityVersion = "Xcode 14.0";
			developmentRegion = en;
			hasScannedForEncodings = 0;
			knownRegions = (
				en,
				Base,
			);
			mainGroup = CE47C6D22933E5C0004DDCDD;
			productRefGroup = CE47C6DC2933E5C1004DDCDD /* Products */;
			projectDirPath = "";
			projectRoot = "";
			targets = (
				CE47C6DA2933E5C1004DDCDD /* MillionaireGame */,
			);
		};
/* End PBXProject section */

/* Begin PBXResourcesBuildPhase section */
		CE47C6D92933E5C1004DDCDD /* Resources */ = {
			isa = PBXResourcesBuildPhase;
			buildActionMask = 2147483647;
			files = (
				CE47C6EB2933E5C3004DDCDD /* LaunchScreen.storyboard in Resources */,
				CE47C6E82933E5C3004DDCDD /* Assets.xcassets in Resources */,
			);
			runOnlyForDeploymentPostprocessing = 0;
		};
/* End PBXResourcesBuildPhase section */

/* Begin PBXSourcesBuildPhase section */
		CE47C6D72933E5C1004DDCDD /* Sources */ = {
			isa = PBXSourcesBuildPhase;
			buildActionMask = 2147483647;
			files = (
				CEB59007293E09680090CF52 /* Observable.swift in Sources */,
				CE042AB6293A7B5B00D13551 /* Questions.swift in Sources */,
				CE0332DE2944DC910022C8E7 /* ShowQuestionStrategy.swift in Sources */,
				CE0332E22944E29D0022C8E7 /* DefaultQuestions.swift in Sources */,
				CEB5900D293E66230090CF52 /* QuestionCaretaker.swift in Sources */,
				CE8D2FF12938DC08007AD5A6 /* Result.swift in Sources */,
				CEB58FF9293B50B20090CF52 /* SettingsVC.swift in Sources */,
				CEB59005293E090C0090CF52 /* ObservableOptions.swift in Sources */,
				CE47C6F72934033D004DDCDD /* StartMenuVC.swift in Sources */,
				CE042AB2293A332B00D13551 /* ResultCaretaker.swift in Sources */,
				CE042AB4293A7AF500D13551 /* Answer.swift in Sources */,
				CEB5900A293E5F590090CF52 /* AddQuestionVC.swift in Sources */,
				CE58E6AA29352E6900D59B79 /* ResultVC.swift in Sources */,
				CE8D2FF329390A9B007AD5A6 /* AppColors.swift in Sources */,
				CE0332E02944E1100022C8E7 /* RandomQuestions.swift in Sources */,
				CE58E6AE2937C30500D59B79 /* GameSession.swift in Sources */,
				CE58E6AC2937C0A800D59B79 /* Game.swift in Sources */,
				CE47C6F42933F944004DDCDD /* Question.swift in Sources */,
				CE47C6DF2933E5C1004DDCDD /* AppDelegate.swift in Sources */,
				CE0332DB2944D7230022C8E7 /* Random.swift in Sources */,
				CE47C6F929340357004DDCDD /* GameVC.swift in Sources */,
				CE47C6E12933E5C1004DDCDD /* SceneDelegate.swift in Sources */,
			);
			runOnlyForDeploymentPostprocessing = 0;
		};
/* End PBXSourcesBuildPhase section */

/* Begin PBXVariantGroup section */
		CE47C6E92933E5C3004DDCDD /* LaunchScreen.storyboard */ = {
			isa = PBXVariantGroup;
			children = (
				CE47C6EA2933E5C3004DDCDD /* Base */,
			);
			name = LaunchScreen.storyboard;
			sourceTree = "<group>";
		};
/* End PBXVariantGroup section */

/* Begin XCBuildConfiguration section */
		CE47C6ED2933E5C3004DDCDD /* Debug */ = {
			isa = XCBuildConfiguration;
			buildSettings = {
				ALWAYS_SEARCH_USER_PATHS = NO;
				CLANG_ANALYZER_NONNULL = YES;
				CLANG_ANALYZER_NUMBER_OBJECT_CONVERSION = YES_AGGRESSIVE;
				CLANG_CXX_LANGUAGE_STANDARD = "gnu++20";
				CLANG_ENABLE_MODULES = YES;
				CLANG_ENABLE_OBJC_ARC = YES;
				CLANG_ENABLE_OBJC_WEAK = YES;
				CLANG_WARN_BLOCK_CAPTURE_AUTORELEASING = YES;
				CLANG_WARN_BOOL_CONVERSION = YES;
				CLANG_WARN_COMMA = YES;
				CLANG_WARN_CONSTANT_CONVERSION = YES;
				CLANG_WARN_DEPRECATED_OBJC_IMPLEMENTATIONS = YES;
				CLANG_WARN_DIRECT_OBJC_ISA_USAGE = YES_ERROR;
				CLANG_WARN_DOCUMENTATION_COMMENTS = YES;
				CLANG_WARN_EMPTY_BODY = YES;
				CLANG_WARN_ENUM_CONVERSION = YES;
				CLANG_WARN_INFINITE_RECURSION = YES;
				CLANG_WARN_INT_CONVERSION = YES;
				CLANG_WARN_NON_LITERAL_NULL_CONVERSION = YES;
				CLANG_WARN_OBJC_IMPLICIT_RETAIN_SELF = YES;
				CLANG_WARN_OBJC_LITERAL_CONVERSION = YES;
				CLANG_WARN_OBJC_ROOT_CLASS = YES_ERROR;
				CLANG_WARN_QUOTED_INCLUDE_IN_FRAMEWORK_HEADER = YES;
				CLANG_WARN_RANGE_LOOP_ANALYSIS = YES;
				CLANG_WARN_STRICT_PROTOTYPES = YES;
				CLANG_WARN_SUSPICIOUS_MOVE = YES;
				CLANG_WARN_UNGUARDED_AVAILABILITY = YES_AGGRESSIVE;
				CLANG_WARN_UNREACHABLE_CODE = YES;
				CLANG_WARN__DUPLICATE_METHOD_MATCH = YES;
				COPY_PHASE_STRIP = NO;
				DEBUG_INFORMATION_FORMAT = dwarf;
				ENABLE_STRICT_OBJC_MSGSEND = YES;
				ENABLE_TESTABILITY = YES;
				GCC_C_LANGUAGE_STANDARD = gnu11;
				GCC_DYNAMIC_NO_PIC = NO;
				GCC_NO_COMMON_BLOCKS = YES;
				GCC_OPTIMIZATION_LEVEL = 0;
				GCC_PREPROCESSOR_DEFINITIONS = (
					"DEBUG=1",
					"$(inherited)",
				);
				GCC_WARN_64_TO_32_BIT_CONVERSION = YES;
				GCC_WARN_ABOUT_RETURN_TYPE = YES_ERROR;
				GCC_WARN_UNDECLARED_SELECTOR = YES;
				GCC_WARN_UNINITIALIZED_AUTOS = YES_AGGRESSIVE;
				GCC_WARN_UNUSED_FUNCTION = YES;
				GCC_WARN_UNUSED_VARIABLE = YES;
				IPHONEOS_DEPLOYMENT_TARGET = 16.0;
				MTL_ENABLE_DEBUG_INFO = INCLUDE_SOURCE;
				MTL_FAST_MATH = YES;
				ONLY_ACTIVE_ARCH = YES;
				SDKROOT = iphoneos;
				SWIFT_ACTIVE_COMPILATION_CONDITIONS = DEBUG;
				SWIFT_OPTIMIZATION_LEVEL = "-Onone";
			};
			name = Debug;
		};
		CE47C6EE2933E5C3004DDCDD /* Release */ = {
			isa = XCBuildConfiguration;
			buildSettings = {
				ALWAYS_SEARCH_USER_PATHS = NO;
				CLANG_ANALYZER_NONNULL = YES;
				CLANG_ANALYZER_NUMBER_OBJECT_CONVERSION = YES_AGGRESSIVE;
				CLANG_CXX_LANGUAGE_STANDARD = "gnu++20";
				CLANG_ENABLE_MODULES = YES;
				CLANG_ENABLE_OBJC_ARC = YES;
				CLANG_ENABLE_OBJC_WEAK = YES;
				CLANG_WARN_BLOCK_CAPTURE_AUTORELEASING = YES;
				CLANG_WARN_BOOL_CONVERSION = YES;
				CLANG_WARN_COMMA = YES;
				CLANG_WARN_CONSTANT_CONVERSION = YES;
				CLANG_WARN_DEPRECATED_OBJC_IMPLEMENTATIONS = YES;
				CLANG_WARN_DIRECT_OBJC_ISA_USAGE = YES_ERROR;
				CLANG_WARN_DOCUMENTATION_COMMENTS = YES;
				CLANG_WARN_EMPTY_BODY = YES;
				CLANG_WARN_ENUM_CONVERSION = YES;
				CLANG_WARN_INFINITE_RECURSION = YES;
				CLANG_WARN_INT_CONVERSION = YES;
				CLANG_WARN_NON_LITERAL_NULL_CONVERSION = YES;
				CLANG_WARN_OBJC_IMPLICIT_RETAIN_SELF = YES;
				CLANG_WARN_OBJC_LITERAL_CONVERSION = YES;
				CLANG_WARN_OBJC_ROOT_CLASS = YES_ERROR;
				CLANG_WARN_QUOTED_INCLUDE_IN_FRAMEWORK_HEADER = YES;
				CLANG_WARN_RANGE_LOOP_ANALYSIS = YES;
				CLANG_WARN_STRICT_PROTOTYPES = YES;
				CLANG_WARN_SUSPICIOUS_MOVE = YES;
				CLANG_WARN_UNGUARDED_AVAILABILITY = YES_AGGRESSIVE;
				CLANG_WARN_UNREACHABLE_CODE = YES;
				CLANG_WARN__DUPLICATE_METHOD_MATCH = YES;
				COPY_PHASE_STRIP = NO;
				DEBUG_INFORMATION_FORMAT = "dwarf-with-dsym";
				ENABLE_NS_ASSERTIONS = NO;
				ENABLE_STRICT_OBJC_MSGSEND = YES;
				GCC_C_LANGUAGE_STANDARD = gnu11;
				GCC_NO_COMMON_BLOCKS = YES;
				GCC_WARN_64_TO_32_BIT_CONVERSION = YES;
				GCC_WARN_ABOUT_RETURN_TYPE = YES_ERROR;
				GCC_WARN_UNDECLARED_SELECTOR = YES;
				GCC_WARN_UNINITIALIZED_AUTOS = YES_AGGRESSIVE;
				GCC_WARN_UNUSED_FUNCTION = YES;
				GCC_WARN_UNUSED_VARIABLE = YES;
				IPHONEOS_DEPLOYMENT_TARGET = 16.0;
				MTL_ENABLE_DEBUG_INFO = NO;
				MTL_FAST_MATH = YES;
				SDKROOT = iphoneos;
				SWIFT_COMPILATION_MODE = wholemodule;
				SWIFT_OPTIMIZATION_LEVEL = "-O";
				VALIDATE_PRODUCT = YES;
			};
			name = Release;
		};
		CE47C6F02933E5C3004DDCDD /* Debug */ = {
			isa = XCBuildConfiguration;
			buildSettings = {
				ASSETCATALOG_COMPILER_APPICON_NAME = AppIcon;
				ASSETCATALOG_COMPILER_GLOBAL_ACCENT_COLOR_NAME = AccentColor;
				CODE_SIGN_STYLE = Automatic;
				CURRENT_PROJECT_VERSION = 1;
				DEVELOPMENT_TEAM = 8C2J2DRGH6;
				GENERATE_INFOPLIST_FILE = YES;
				INFOPLIST_FILE = MillionaireGame/Info.plist;
				INFOPLIST_KEY_UIApplicationSupportsIndirectInputEvents = YES;
				INFOPLIST_KEY_UILaunchStoryboardName = LaunchScreen;
				INFOPLIST_KEY_UIMainStoryboardFile = "";
				INFOPLIST_KEY_UISupportedInterfaceOrientations_iPad = "UIInterfaceOrientationPortrait UIInterfaceOrientationPortraitUpsideDown UIInterfaceOrientationLandscapeLeft UIInterfaceOrientationLandscapeRight";
				INFOPLIST_KEY_UISupportedInterfaceOrientations_iPhone = "UIInterfaceOrientationPortrait UIInterfaceOrientationLandscapeLeft UIInterfaceOrientationLandscapeRight";
				LD_RUNPATH_SEARCH_PATHS = (
					"$(inherited)",
					"@executable_path/Frameworks",
				);
				MARKETING_VERSION = 1.0;
				PRODUCT_BUNDLE_IDENTIFIER = "Andrey-Piskunov.MillionaireGame";
				PRODUCT_NAME = "$(TARGET_NAME)";
				SWIFT_EMIT_LOC_STRINGS = YES;
				SWIFT_VERSION = 5.0;
				TARGETED_DEVICE_FAMILY = "1,2";
			};
			name = Debug;
		};
		CE47C6F12933E5C3004DDCDD /* Release */ = {
			isa = XCBuildConfiguration;
			buildSettings = {
				ASSETCATALOG_COMPILER_APPICON_NAME = AppIcon;
				ASSETCATALOG_COMPILER_GLOBAL_ACCENT_COLOR_NAME = AccentColor;
				CODE_SIGN_STYLE = Automatic;
				CURRENT_PROJECT_VERSION = 1;
				DEVELOPMENT_TEAM = 8C2J2DRGH6;
				GENERATE_INFOPLIST_FILE = YES;
				INFOPLIST_FILE = MillionaireGame/Info.plist;
				INFOPLIST_KEY_UIApplicationSupportsIndirectInputEvents = YES;
				INFOPLIST_KEY_UILaunchStoryboardName = LaunchScreen;
				INFOPLIST_KEY_UIMainStoryboardFile = "";
				INFOPLIST_KEY_UISupportedInterfaceOrientations_iPad = "UIInterfaceOrientationPortrait UIInterfaceOrientationPortraitUpsideDown UIInterfaceOrientationLandscapeLeft UIInterfaceOrientationLandscapeRight";
				INFOPLIST_KEY_UISupportedInterfaceOrientations_iPhone = "UIInterfaceOrientationPortrait UIInterfaceOrientationLandscapeLeft UIInterfaceOrientationLandscapeRight";
				LD_RUNPATH_SEARCH_PATHS = (
					"$(inherited)",
					"@executable_path/Frameworks",
				);
				MARKETING_VERSION = 1.0;
				PRODUCT_BUNDLE_IDENTIFIER = "Andrey-Piskunov.MillionaireGame";
				PRODUCT_NAME = "$(TARGET_NAME)";
				SWIFT_EMIT_LOC_STRINGS = YES;
				SWIFT_VERSION = 5.0;
				TARGETED_DEVICE_FAMILY = "1,2";
			};
			name = Release;
		};
/* End XCBuildConfiguration section */

/* Begin XCConfigurationList section */
		CE47C6D62933E5C0004DDCDD /* Build configuration list for PBXProject "MillionaireGame" */ = {
			isa = XCConfigurationList;
			buildConfigurations = (
				CE47C6ED2933E5C3004DDCDD /* Debug */,
				CE47C6EE2933E5C3004DDCDD /* Release */,
			);
			defaultConfigurationIsVisible = 0;
			defaultConfigurationName = Release;
		};
		CE47C6EF2933E5C3004DDCDD /* Build configuration list for PBXNativeTarget "MillionaireGame" */ = {
			isa = XCConfigurationList;
			buildConfigurations = (
				CE47C6F02933E5C3004DDCDD /* Debug */,
				CE47C6F12933E5C3004DDCDD /* Release */,
			);
			defaultConfigurationIsVisible = 0;
			defaultConfigurationName = Release;
		};
/* End XCConfigurationList section */
	};
	rootObject = CE47C6D32933E5C0004DDCDD /* Project object */;
}
